
Microsoft Visual Studio Solution File, Format Version 12.00
# Visual Studio Version 17
VisualStudioVersion = 17.0.31912.275
MinimumVisualStudioVersion = 10.0.40219.1
Project("{FAE04EC0-301F-11D3-BF4B-00C04F79EFBC}") = "ArrayDemo", "ArrayDemo\ArrayDemo.csproj", "{666DF5D4-EA84-488F-8A96-789178B55E52}"
EndProject
Global
	GlobalSection(SolutionConfigurationPlatforms) = preSolution
		Debug|Any CPU = Debug|Any CPU
		Release|Any CPU = Release|Any CPU
	EndGlobalSection
	GlobalSection(ProjectConfigurationPlatforms) = postSolution
		{666DF5D4-EA84-488F-8A96-789178B55E52}.Debug|Any CPU.ActiveCfg = Debug|Any CPU
		{666DF5D4-EA84-488F-8A96-789178B55E52}.Debug|Any CPU.Build.0 = Debug|Any CPU
		{666DF5D4-EA84-488F-8A96-789178B55E52}.Release|Any CPU.ActiveCfg = Release|Any CPU
		{666DF5D4-EA84-488F-8A96-789178B55E52}.Release|Any CPU.Build.0 = Release|Any CPU
	EndGlobalSection
	GlobalSection(SolutionProperties) = preSolution
		HideSolutionNode = FALSE
	EndGlobalSection
	GlobalSection(ExtensibilityGlobals) = postSolution
		SolutionGuid = {368E3437-1B3E-4E9F-8841-9E586DE95BCB}
	EndGlobalSection
EndGlobal
